
Microsoft Visual Studio Solution File, Format Version 12.00
# Visual Studio Version 17
VisualStudioVersion = 17.14.36221.1
MinimumVisualStudioVersion = 10.0.40219.1
Project("{FAE04EC0-301F-11D3-BF4B-00C04F79EFBC}") = "CustomerCommLib", "CustomerCommLib\CustomerCommLib.csproj", "{411F0D6D-270D-4342-AC84-65A280829B7F}"
EndProject
Project("{FAE04EC0-301F-11D3-BF4B-00C04F79EFBC}") = "CustomerComm.Tests", "CustomerComm.Tests\CustomerComm.Tests.csproj", "{75D14276-CF6B-4D6A-883A-303B5851673A}"
EndProject
Global
	GlobalSection(SolutionConfigurationPlatforms) = preSolution
		Debug|Any CPU = Debug|Any CPU
		Release|Any CPU = Release|Any CPU
	EndGlobalSection
	GlobalSection(ProjectConfigurationPlatforms) = postSolution
		{411F0D6D-270D-4342-AC84-65A280829B7F}.Debug|Any CPU.ActiveCfg = Debug|Any CPU
		{411F0D6D-270D-4342-AC84-65A280829B7F}.Debug|Any CPU.Build.0 = Debug|Any CPU
		{411F0D6D-270D-4342-AC84-65A280829B7F}.Release|Any CPU.ActiveCfg = Release|Any CPU
		{411F0D6D-270D-4342-AC84-65A280829B7F}.Release|Any CPU.Build.0 = Release|Any CPU
		{75D14276-CF6B-4D6A-883A-303B5851673A}.Debug|Any CPU.ActiveCfg = Debug|Any CPU
		{75D14276-CF6B-4D6A-883A-303B5851673A}.Debug|Any CPU.Build.0 = Debug|Any CPU
		{75D14276-CF6B-4D6A-883A-303B5851673A}.Release|Any CPU.ActiveCfg = Release|Any CPU
		{75D14276-CF6B-4D6A-883A-303B5851673A}.Release|Any CPU.Build.0 = Release|Any CPU
	EndGlobalSection
	GlobalSection(SolutionProperties) = preSolution
		HideSolutionNode = FALSE
	EndGlobalSection
	GlobalSection(ExtensibilityGlobals) = postSolution
		SolutionGuid = {F8EE8618-F3C3-4E34-964D-D7AFF9EED653}
	EndGlobalSection
EndGlobal
